Microsoft Visual Studio Solution File, Format Version 12.00
# Visual Studio Version 17
VisualStudioVersion = 17.0.31903.59
MinimumVisualStudioVersion = 10.0.40219.1
Project("{FAE04EC0-301F-11D3-BF4B-00C04F79EFBC}") = "Enlisted", "Enlisted.csproj", "{580669B1-F074-4840-9B20-D7C18FBC4935}"
EndProject
Global
	GlobalSection(SolutionConfigurationPlatforms) = preSolution
		Enlisted EDITOR|x64 = Enlisted EDITOR|x64
		Enlisted RETAIL|x64 = Enlisted RETAIL|x64
	EndGlobalSection
	GlobalSection(ProjectConfigurationPlatforms) = postSolution
		{580669B1-F074-4840-9B20-D7C18FBC4935}.Enlisted EDITOR|x64.ActiveCfg = Enlisted EDITOR|x64
		{580669B1-F074-4840-9B20-D7C18FBC4935}.Enlisted EDITOR|x64.Build.0 = Enlisted EDITOR|x64
		{580669B1-F074-4840-9B20-D7C18FBC4935}.Enlisted RETAIL|x64.ActiveCfg = Enlisted RETAIL|x64
		{580669B1-F074-4840-9B20-D7C18FBC4935}.Enlisted RETAIL|x64.Build.0 = Enlisted RETAIL|x64
	EndGlobalSection
	GlobalSection(SolutionProperties) = preSolution
		HideSolutionNode = FALSE
	EndGlobalSection
	GlobalSection(ExtensibilityGlobals) = postSolution
		SolutionGuid = {88671B38-0BE7-4ABD-A5A7-79AB27C5D40B}
	EndGlobalSection
EndGlobal